
Microsoft Visual Studio Solution File, Format Version 12.00
# Visual Studio Version 17
VisualStudioVersion = 17.2.32519.379
MinimumVisualStudioVersion = 10.0.40219.1
Project("{FAE04EC0-301F-11D3-BF4B-00C04F79EFBC}") = "Engineering_calculator", "Engineering_calculator\Engineering_calculator.csproj", "{7C89D490-8961-417E-9F69-EACE31E05762}"
EndProject
Global
	GlobalSection(SolutionConfigurationPlatforms) = preSolution
		Debug|Any CPU = Debug|Any CPU
		Release|Any CPU = Release|Any CPU
	EndGlobalSection
	GlobalSection(ProjectConfigurationPlatforms) = postSolution
		{7C89D490-8961-417E-9F69-EACE31E05762}.Debug|Any CPU.ActiveCfg = Debug|Any CPU
		{7C89D490-8961-417E-9F69-EACE31E05762}.Debug|Any CPU.Build.0 = Debug|Any CPU
		{7C89D490-8961-417E-9F69-EACE31E05762}.Release|Any CPU.ActiveCfg = Release|Any CPU
		{7C89D490-8961-417E-9F69-EACE31E05762}.Release|Any CPU.Build.0 = Release|Any CPU
	EndGlobalSection
	GlobalSection(SolutionProperties) = preSolution
		HideSolutionNode = FALSE
	EndGlobalSection
	GlobalSection(ExtensibilityGlobals) = postSolution
		SolutionGuid = {6D819808-BFBD-4815-B446-58CA14D85D81}
	EndGlobalSection
EndGlobal
