
Microsoft Visual Studio Solution File, Format Version 12.00
# Visual Studio Version 17
VisualStudioVersion = 17.2.32519.379
MinimumVisualStudioVersion = 10.0.40219.1
Project("{FAE04EC0-301F-11D3-BF4B-00C04F79EFBC}") = "Forma", "Forma\Forma.csproj", "{7539552F-FE93-4014-95FB-CDFA21C9E9BB}"
EndProject
Global
	GlobalSection(SolutionConfigurationPlatforms) = preSolution
		Debug|Any CPU = Debug|Any CPU
		Release|Any CPU = Release|Any CPU
	EndGlobalSection
	GlobalSection(ProjectConfigurationPlatforms) = postSolution
		{7539552F-FE93-4014-95FB-CDFA21C9E9BB}.Debug|Any CPU.ActiveCfg = Debug|Any CPU
		{7539552F-FE93-4014-95FB-CDFA21C9E9BB}.Debug|Any CPU.Build.0 = Debug|Any CPU
		{7539552F-FE93-4014-95FB-CDFA21C9E9BB}.Release|Any CPU.ActiveCfg = Release|Any CPU
		{7539552F-FE93-4014-95FB-CDFA21C9E9BB}.Release|Any CPU.Build.0 = Release|Any CPU
	EndGlobalSection
	GlobalSection(SolutionProperties) = preSolution
		HideSolutionNode = FALSE
	EndGlobalSection
	GlobalSection(ExtensibilityGlobals) = postSolution
		SolutionGuid = {8120DBA0-32C3-4F4C-9B73-2B556C3BD852}
	EndGlobalSection
EndGlobal
